
Microsoft Visual Studio Solution File, Format Version 12.00
# Visual Studio Version 17
VisualStudioVersion = 17.4.33205.214
MinimumVisualStudioVersion = 10.0.40219.1
Project("{FAE04EC0-301F-11D3-BF4B-00C04F79EFBC}") = "WebAppMVC-test1", "WebAppMVC-test1\WebAppMVC-test1.csproj", "{D5632F60-34B8-4D7F-9730-8078BBE2F207}"
EndProject
Global
	GlobalSection(SolutionConfigurationPlatforms) = preSolution
		Debug|Any CPU = Debug|Any CPU
		Release|Any CPU = Release|Any CPU
	EndGlobalSection
	GlobalSection(ProjectConfigurationPlatforms) = postSolution
		{D5632F60-34B8-4D7F-9730-8078BBE2F207}.Debug|Any CPU.ActiveCfg = Debug|Any CPU
		{D5632F60-34B8-4D7F-9730-8078BBE2F207}.Debug|Any CPU.Build.0 = Debug|Any CPU
		{D5632F60-34B8-4D7F-9730-8078BBE2F207}.Release|Any CPU.ActiveCfg = Release|Any CPU
		{D5632F60-34B8-4D7F-9730-8078BBE2F207}.Release|Any CPU.Build.0 = Release|Any CPU
	EndGlobalSection
	GlobalSection(SolutionProperties) = preSolution
		HideSolutionNode = FALSE
	EndGlobalSection
	GlobalSection(ExtensibilityGlobals) = postSolution
		SolutionGuid = {D610A46F-E868-4066-89C7-927FAF1C44BC}
	EndGlobalSection
EndGlobal
